
Microsoft Visual Studio Solution File, Format Version 12.00
# Visual Studio Version 17
VisualStudioVersion = 17.4.33213.308
MinimumVisualStudioVersion = 10.0.40219.1
Project("{FAE04EC0-301F-11D3-BF4B-00C04F79EFBC}") = "Canvas2DNet", "Canvas2DNet\Canvas2DNet.csproj", "{53D2BBEC-F8B8-4F33-B31C-9BB3FAEA6568}"
EndProject
Global
	GlobalSection(SolutionConfigurationPlatforms) = preSolution
		Debug|Any CPU = Debug|Any CPU
		Release|Any CPU = Release|Any CPU
	EndGlobalSection
	GlobalSection(ProjectConfigurationPlatforms) = postSolution
		{53D2BBEC-F8B8-4F33-B31C-9BB3FAEA6568}.Debug|Any CPU.ActiveCfg = Debug|Any CPU
		{53D2BBEC-F8B8-4F33-B31C-9BB3FAEA6568}.Debug|Any CPU.Build.0 = Debug|Any CPU
		{53D2BBEC-F8B8-4F33-B31C-9BB3FAEA6568}.Release|Any CPU.ActiveCfg = Release|Any CPU
		{53D2BBEC-F8B8-4F33-B31C-9BB3FAEA6568}.Release|Any CPU.Build.0 = Release|Any CPU
	EndGlobalSection
	GlobalSection(SolutionProperties) = preSolution
		HideSolutionNode = FALSE
	EndGlobalSection
	GlobalSection(ExtensibilityGlobals) = postSolution
		SolutionGuid = {E7ADBED7-2A84-4ADF-A914-C97819D49094}
	EndGlobalSection
EndGlobal
